
Microsoft Visual Studio Solution File, Format Version 12.00
# Visual Studio 15
VisualStudioVersion = 15.0.28307.572
MinimumVisualStudioVersion = 10.0.40219.1
Project("{FAE04EC0-301F-11D3-BF4B-00C04F79EFBC}") = "HotelClient", "HotelClient\HotelClient.csproj", "{5240FE75-56C8-4F3C-B5ED-C266082F0964}"
EndProject
Global
	GlobalSection(SolutionConfigurationPlatforms) = preSolution
		Debug|Any CPU = Debug|Any CPU
		Release|Any CPU = Release|Any CPU
	EndGlobalSection
	GlobalSection(ProjectConfigurationPlatforms) = postSolution
		{5240FE75-56C8-4F3C-B5ED-C266082F0964}.Debug|Any CPU.ActiveCfg = Debug|Any CPU
		{5240FE75-56C8-4F3C-B5ED-C266082F0964}.Debug|Any CPU.Build.0 = Debug|Any CPU
		{5240FE75-56C8-4F3C-B5ED-C266082F0964}.Release|Any CPU.ActiveCfg = Release|Any CPU
		{5240FE75-56C8-4F3C-B5ED-C266082F0964}.Release|Any CPU.Build.0 = Release|Any CPU
	EndGlobalSection
	GlobalSection(SolutionProperties) = preSolution
		HideSolutionNode = FALSE
	EndGlobalSection
	GlobalSection(ExtensibilityGlobals) = postSolution
		SolutionGuid = {D58938E3-7BA6-47B1-A3D3-3B8892189449}
	EndGlobalSection
EndGlobal
